
Microsoft Visual Studio Solution File, Format Version 12.00
# Visual Studio 15
VisualStudioVersion = 15.0.27130.2003
MinimumVisualStudioVersion = 10.0.40219.1
Project("{FAE04EC0-301F-11D3-BF4B-00C04F79EFBC}") = "WpfApp1", "WpfApp1\WpfApp1.csproj", "{2DBED25D-00DE-471B-9430-9650353BA500}"
EndProject
Global
	GlobalSection(SolutionConfigurationPlatforms) = preSolution
		Debug|Any CPU = Debug|Any CPU
		Release|Any CPU = Release|Any CPU
	EndGlobalSection
	GlobalSection(ProjectConfigurationPlatforms) = postSolution
		{2DBED25D-00DE-471B-9430-9650353BA500}.Debug|Any CPU.ActiveCfg = Debug|Any CPU
		{2DBED25D-00DE-471B-9430-9650353BA500}.Debug|Any CPU.Build.0 = Debug|Any CPU
		{2DBED25D-00DE-471B-9430-9650353BA500}.Release|Any CPU.ActiveCfg = Release|Any CPU
		{2DBED25D-00DE-471B-9430-9650353BA500}.Release|Any CPU.Build.0 = Release|Any CPU
	EndGlobalSection
	GlobalSection(SolutionProperties) = preSolution
		HideSolutionNode = FALSE
	EndGlobalSection
	GlobalSection(ExtensibilityGlobals) = postSolution
		SolutionGuid = {892DB068-8682-4A63-8F1F-0858BED87172}
	EndGlobalSection
EndGlobal
